
Microsoft Visual Studio Solution File, Format Version 12.00
# Visual Studio Version 17
VisualStudioVersion = 17.3.32901.215
MinimumVisualStudioVersion = 10.0.40219.1
Project("{9A19103F-16F7-4668-BE54-9A1E7A4F7556}") = "VRT.Downloaders.Core", "VRT.Downloaders.Core\VRT.Downloaders.Core.csproj", "{36B601A4-543F-457D-80A0-D28EE4978B31}"
EndProject
Project("{2150E333-8FDC-42A3-9474-1A3956D46DE8}") = "Common", "Common", "{FECF79B7-57E1-47A7-9538-65E2FF9ED88C}"
EndProject
Project("{2150E333-8FDC-42A3-9474-1A3956D46DE8}") = "Solution Items", "Solution Items", "{9064B6AA-8F43-49DD-81EC-43BE681B7BC7}"
	ProjectSection(SolutionItems) = preProject
		.editorconfig = .editorconfig
		Directory.Build.props = Directory.Build.props
		Directory.Build.targets = Directory.Build.targets
		LICENSE.txt = LICENSE.txt
		README.md = README.md
	EndProjectSection
EndProject
Project("{9A19103F-16F7-4668-BE54-9A1E7A4F7556}") = "VRT.Downloaders.Core.Tests.Unit", "VRT.Downloaders.Core.Tests.Unit\VRT.Downloaders.Core.Tests.Unit.csproj", "{E61CBD79-FEE6-4E1B-86E9-8BD4ED37408C}"
EndProject
Project("{9A19103F-16F7-4668-BE54-9A1E7A4F7556}") = "VRT.Downloaders.Services.Medias.TvpVod", "VRT.Downloaders.Services.Medias.TvpVod\VRT.Downloaders.Services.Medias.TvpVod.csproj", "{CB47E0CF-6CB4-413B-95FD-02BEACB41C78}"
EndProject
Project("{9A19103F-16F7-4668-BE54-9A1E7A4F7556}") = "VRT.Downloaders.Services.Medias", "VRT.Downloaders.Services.Medias\VRT.Downloaders.Services.Medias.csproj", "{94C8AA89-CEF3-4BFE-9119-F0DEEF57284D}"
EndProject
Project("{9A19103F-16F7-4668-BE54-9A1E7A4F7556}") = "VRT.Downloaders.Common", "VRT.Downloaders.Common\VRT.Downloaders.Common.csproj", "{787122F6-5184-44DF-9A87-E2B43AB9C0CD}"
EndProject
Project("{9A19103F-16F7-4668-BE54-9A1E7A4F7556}") = "VRT.Downloaders.Services.Medias.Youtube", "VRT.Downloaders.Services.Medias.Youtube\VRT.Downloaders.Services.Medias.Youtube.csproj", "{62513372-94C7-4F84-804C-3D4F9E5A88FB}"
EndProject
Project("{2150E333-8FDC-42A3-9474-1A3956D46DE8}") = "Maui", "Maui", "{8B0F08B9-1A59-403E-9538-4A9183CCE22E}"
EndProject
Project("{9A19103F-16F7-4668-BE54-9A1E7A4F7556}") = "VRT.Downloaders.Maui", "VRT.Downloaders.Maui\VRT.Downloaders.Maui.csproj", "{0C85EC19-1BA6-4342-B577-7D1BDF33D322}"
EndProject
Project("{9A19103F-16F7-4668-BE54-9A1E7A4F7556}") = "VRT.Downloaders.Common.Tests.Unit", "VRT.Downloaders.Common.Tests.Unit\VRT.Downloaders.Common.Tests.Unit.csproj", "{EA365C42-D133-4CA8-8701-B72C3E42E2B9}"
EndProject
Project("{2150E333-8FDC-42A3-9474-1A3956D46DE8}") = "MediaServices", "MediaServices", "{47C9A825-4F20-4080-B4E7-88EA30F7881C}"
EndProject
Project("{2150E333-8FDC-42A3-9474-1A3956D46DE8}") = "Application", "Application", "{114A8E5B-1BC3-4419-89C0-CB9CCE16B13F}"
EndProject
Project("{2150E333-8FDC-42A3-9474-1A3956D46DE8}") = "Infrastructure", "Infrastructure", "{C489E815-8022-4BA8-BB74-F5FA69F16537}"
EndProject
Project("{FAE04EC0-301F-11D3-BF4B-00C04F79EFBC}") = "VRT.Downloaders.Infrastructure", "VRT.Downloaders.Infrastructure\VRT.Downloaders.Infrastructure.csproj", "{1F07C2C1-5E3A-4B1C-8C22-3B889A660299}"
EndProject
Project("{FAE04EC0-301F-11D3-BF4B-00C04F79EFBC}") = "VRT.Downloaders.Presentation", "VRT.Downloaders.Presentation\VRT.Downloaders.Presentation.csproj", "{78B37C0D-4E0A-4B68-A9DE-7120F5C97CE2}"
EndProject
Global
	GlobalSection(SolutionConfigurationPlatforms) = preSolution
		Debug|Any CPU = Debug|Any CPU
		Debug|iPhone = Debug|iPhone
		Debug|iPhoneSimulator = Debug|iPhoneSimulator
		Release|Any CPU = Release|Any CPU
		Release|iPhone = Release|iPhone
		Release|iPhoneSimulator = Release|iPhoneSimulator
	EndGlobalSection
	GlobalSection(ProjectConfigurationPlatforms) = postSolution
		{36B601A4-543F-457D-80A0-D28EE4978B31}.Debug|Any CPU.ActiveCfg = Debug|Any CPU
		{36B601A4-543F-457D-80A0-D28EE4978B31}.Debug|Any CPU.Build.0 = Debug|Any CPU
		{36B601A4-543F-457D-80A0-D28EE4978B31}.Debug|iPhone.ActiveCfg = Debug|Any CPU
		{36B601A4-543F-457D-80A0-D28EE4978B31}.Debug|iPhone.Build.0 = Debug|Any CPU
		{36B601A4-543F-457D-80A0-D28EE4978B31}.Debug|iPhoneSimulator.ActiveCfg = Debug|Any CPU
		{36B601A4-543F-457D-80A0-D28EE4978B31}.Debug|iPhoneSimulator.Build.0 = Debug|Any CPU
		{36B601A4-543F-457D-80A0-D28EE4978B31}.Release|Any CPU.ActiveCfg = Release|Any CPU
		{36B601A4-543F-457D-80A0-D28EE4978B31}.Release|Any CPU.Build.0 = Release|Any CPU
		{36B601A4-543F-457D-80A0-D28EE4978B31}.Release|iPhone.ActiveCfg = Release|Any CPU
		{36B601A4-543F-457D-80A0-D28EE4978B31}.Release|iPhone.Build.0 = Release|Any CPU
		{36B601A4-543F-457D-80A0-D28EE4978B31}.Release|iPhoneSimulator.ActiveCfg = Release|Any CPU
		{36B601A4-543F-457D-80A0-D28EE4978B31}.Release|iPhoneSimulator.Build.0 = Release|Any CPU
		{E61CBD79-FEE6-4E1B-86E9-8BD4ED37408C}.Debug|Any CPU.ActiveCfg = Debug|Any CPU
		{E61CBD79-FEE6-4E1B-86E9-8BD4ED37408C}.Debug|Any CPU.Build.0 = Debug|Any CPU
		{E61CBD79-FEE6-4E1B-86E9-8BD4ED37408C}.Debug|iPhone.ActiveCfg = Debug|Any CPU
		{E61CBD79-FEE6-4E1B-86E9-8BD4ED37408C}.Debug|iPhone.Build.0 = Debug|Any CPU
		{E61CBD79-FEE6-4E1B-86E9-8BD4ED37408C}.Debug|iPhoneSimulator.ActiveCfg = Debug|Any CPU
		{E61CBD79-FEE6-4E1B-86E9-8BD4ED37408C}.Debug|iPhoneSimulator.Build.0 = Debug|Any CPU
		{E61CBD79-FEE6-4E1B-86E9-8BD4ED37408C}.Release|Any CPU.ActiveCfg = Release|Any CPU
		{E61CBD79-FEE6-4E1B-86E9-8BD4ED37408C}.Release|Any CPU.Build.0 = Release|Any CPU
		{E61CBD79-FEE6-4E1B-86E9-8BD4ED37408C}.Release|iPhone.ActiveCfg = Release|Any CPU
		{E61CBD79-FEE6-4E1B-86E9-8BD4ED37408C}.Release|iPhone.Build.0 = Release|Any CPU
		{E61CBD79-FEE6-4E1B-86E9-8BD4ED37408C}.Release|iPhoneSimulator.ActiveCfg = Release|Any CPU
		{E61CBD79-FEE6-4E1B-86E9-8BD4ED37408C}.Release|iPhoneSimulator.Build.0 = Release|Any CPU
		{CB47E0CF-6CB4-413B-95FD-02BEACB41C78}.Debug|Any CPU.ActiveCfg = Debug|Any CPU
		{CB47E0CF-6CB4-413B-95FD-02BEACB41C78}.Debug|Any CPU.Build.0 = Debug|Any CPU
		{CB47E0CF-6CB4-413B-95FD-02BEACB41C78}.Debug|iPhone.ActiveCfg = Debug|Any CPU
		{CB47E0CF-6CB4-413B-95FD-02BEACB41C78}.Debug|iPhone.Build.0 = Debug|Any CPU
		{CB47E0CF-6CB4-413B-95FD-02BEACB41C78}.Debug|iPhoneSimulator.ActiveCfg = Debug|Any CPU
		{CB47E0CF-6CB4-413B-95FD-02BEACB41C78}.Debug|iPhoneSimulator.Build.0 = Debug|Any CPU
		{CB47E0CF-6CB4-413B-95FD-02BEACB41C78}.Release|Any CPU.ActiveCfg = Release|Any CPU
		{CB47E0CF-6CB4-413B-95FD-02BEACB41C78}.Release|Any CPU.Build.0 = Release|Any CPU
		{CB47E0CF-6CB4-413B-95FD-02BEACB41C78}.Release|iPhone.ActiveCfg = Release|Any CPU
		{CB47E0CF-6CB4-413B-95FD-02BEACB41C78}.Release|iPhone.Build.0 = Release|Any CPU
		{CB47E0CF-6CB4-413B-95FD-02BEACB41C78}.Release|iPhoneSimulator.ActiveCfg = Release|Any CPU
		{CB47E0CF-6CB4-413B-95FD-02BEACB41C78}.Release|iPhoneSimulator.Build.0 = Release|Any CPU
		{94C8AA89-CEF3-4BFE-9119-F0DEEF57284D}.Debug|Any CPU.ActiveCfg = Debug|Any CPU
		{94C8AA89-CEF3-4BFE-9119-F0DEEF57284D}.Debug|Any CPU.Build.0 = Debug|Any CPU
		{94C8AA89-CEF3-4BFE-9119-F0DEEF57284D}.Debug|iPhone.ActiveCfg = Debug|Any CPU
		{94C8AA89-CEF3-4BFE-9119-F0DEEF57284D}.Debug|iPhone.Build.0 = Debug|Any CPU
		{94C8AA89-CEF3-4BFE-9119-F0DEEF57284D}.Debug|iPhoneSimulator.ActiveCfg = Debug|Any CPU
		{94C8AA89-CEF3-4BFE-9119-F0DEEF57284D}.Debug|iPhoneSimulator.Build.0 = Debug|Any CPU
		{94C8AA89-CEF3-4BFE-9119-F0DEEF57284D}.Release|Any CPU.ActiveCfg = Release|Any CPU
		{94C8AA89-CEF3-4BFE-9119-F0DEEF57284D}.Release|Any CPU.Build.0 = Release|Any CPU
		{94C8AA89-CEF3-4BFE-9119-F0DEEF57284D}.Release|iPhone.ActiveCfg = Release|Any CPU
		{94C8AA89-CEF3-4BFE-9119-F0DEEF57284D}.Release|iPhone.Build.0 = Release|Any CPU
		{94C8AA89-CEF3-4BFE-9119-F0DEEF57284D}.Release|iPhoneSimulator.ActiveCfg = Release|Any CPU
		{94C8AA89-CEF3-4BFE-9119-F0DEEF57284D}.Release|iPhoneSimulator.Build.0 = Release|Any CPU
		{787122F6-5184-44DF-9A87-E2B43AB9C0CD}.Debug|Any CPU.ActiveCfg = Debug|Any CPU
		{787122F6-5184-44DF-9A87-E2B43AB9C0CD}.Debug|Any CPU.Build.0 = Debug|Any CPU
		{787122F6-5184-44DF-9A87-E2B43AB9C0CD}.Debug|iPhone.ActiveCfg = Debug|Any CPU
		{787122F6-5184-44DF-9A87-E2B43AB9C0CD}.Debug|iPhone.Build.0 = Debug|Any CPU
		{787122F6-5184-44DF-9A87-E2B43AB9C0CD}.Debug|iPhoneSimulator.ActiveCfg = Debug|Any CPU
		{787122F6-5184-44DF-9A87-E2B43AB9C0CD}.Debug|iPhoneSimulator.Build.0 = Debug|Any CPU
		{787122F6-5184-44DF-9A87-E2B43AB9C0CD}.Release|Any CPU.ActiveCfg = Release|Any CPU
		{787122F6-5184-44DF-9A87-E2B43AB9C0CD}.Release|Any CPU.Build.0 = Release|Any CPU
		{787122F6-5184-44DF-9A87-E2B43AB9C0CD}.Release|iPhone.ActiveCfg = Release|Any CPU
		{787122F6-5184-44DF-9A87-E2B43AB9C0CD}.Release|iPhone.Build.0 = Release|Any CPU
		{787122F6-5184-44DF-9A87-E2B43AB9C0CD}.Release|iPhoneSimulator.ActiveCfg = Release|Any CPU
		{787122F6-5184-44DF-9A87-E2B43AB9C0CD}.Release|iPhoneSimulator.Build.0 = Release|Any CPU
		{62513372-94C7-4F84-804C-3D4F9E5A88FB}.Debug|Any CPU.ActiveCfg = Debug|Any CPU
		{62513372-94C7-4F84-804C-3D4F9E5A88FB}.Debug|Any CPU.Build.0 = Debug|Any CPU
		{62513372-94C7-4F84-804C-3D4F9E5A88FB}.Debug|iPhone.ActiveCfg = Debug|Any CPU
		{62513372-94C7-4F84-804C-3D4F9E5A88FB}.Debug|iPhone.Build.0 = Debug|Any CPU
		{62513372-94C7-4F84-804C-3D4F9E5A88FB}.Debug|iPhoneSimulator.ActiveCfg = Debug|Any CPU
		{62513372-94C7-4F84-804C-3D4F9E5A88FB}.Debug|iPhoneSimulator.Build.0 = Debug|Any CPU
		{62513372-94C7-4F84-804C-3D4F9E5A88FB}.Release|Any CPU.ActiveCfg = Release|Any CPU
		{62513372-94C7-4F84-804C-3D4F9E5A88FB}.Release|Any CPU.Build.0 = Release|Any CPU
		{62513372-94C7-4F84-804C-3D4F9E5A88FB}.Release|iPhone.ActiveCfg = Release|Any CPU
		{62513372-94C7-4F84-804C-3D4F9E5A88FB}.Release|iPhone.Build.0 = Release|Any CPU
		{62513372-94C7-4F84-804C-3D4F9E5A88FB}.Release|iPhoneSimulator.ActiveCfg = Release|Any CPU
		{62513372-94C7-4F84-804C-3D4F9E5A88FB}.Release|iPhoneSimulator.Build.0 = Release|Any CPU
		{0C85EC19-1BA6-4342-B577-7D1BDF33D322}.Debug|Any CPU.ActiveCfg = Debug|Any CPU
		{0C85EC19-1BA6-4342-B577-7D1BDF33D322}.Debug|Any CPU.Build.0 = Debug|Any CPU
		{0C85EC19-1BA6-4342-B577-7D1BDF33D322}.Debug|Any CPU.Deploy.0 = Debug|Any CPU
		{0C85EC19-1BA6-4342-B577-7D1BDF33D322}.Debug|iPhone.ActiveCfg = Debug|Any CPU
		{0C85EC19-1BA6-4342-B577-7D1BDF33D322}.Debug|iPhone.Build.0 = Debug|Any CPU
		{0C85EC19-1BA6-4342-B577-7D1BDF33D322}.Debug|iPhone.Deploy.0 = Debug|Any CPU
		{0C85EC19-1BA6-4342-B577-7D1BDF33D322}.Debug|iPhoneSimulator.ActiveCfg = Debug|Any CPU
		{0C85EC19-1BA6-4342-B577-7D1BDF33D322}.Debug|iPhoneSimulator.Build.0 = Debug|Any CPU
		{0C85EC19-1BA6-4342-B577-7D1BDF33D322}.Debug|iPhoneSimulator.Deploy.0 = Debug|Any CPU
		{0C85EC19-1BA6-4342-B577-7D1BDF33D322}.Release|Any CPU.ActiveCfg = Release|Any CPU
		{0C85EC19-1BA6-4342-B577-7D1BDF33D322}.Release|Any CPU.Build.0 = Release|Any CPU
		{0C85EC19-1BA6-4342-B577-7D1BDF33D322}.Release|Any CPU.Deploy.0 = Release|Any CPU
		{0C85EC19-1BA6-4342-B577-7D1BDF33D322}.Release|iPhone.ActiveCfg = Release|Any CPU
		{0C85EC19-1BA6-4342-B577-7D1BDF33D322}.Release|iPhone.Build.0 = Release|Any CPU
		{0C85EC19-1BA6-4342-B577-7D1BDF33D322}.Release|iPhone.Deploy.0 = Release|Any CPU
		{0C85EC19-1BA6-4342-B577-7D1BDF33D322}.Release|iPhoneSimulator.ActiveCfg = Release|Any CPU
		{0C85EC19-1BA6-4342-B577-7D1BDF33D322}.Release|iPhoneSimulator.Build.0 = Release|Any CPU
		{0C85EC19-1BA6-4342-B577-7D1BDF33D322}.Release|iPhoneSimulator.Deploy.0 = Release|Any CPU
		{EA365C42-D133-4CA8-8701-B72C3E42E2B9}.Debug|Any CPU.ActiveCfg = Debug|Any CPU
		{EA365C42-D133-4CA8-8701-B72C3E42E2B9}.Debug|Any CPU.Build.0 = Debug|Any CPU
		{EA365C42-D133-4CA8-8701-B72C3E42E2B9}.Debug|iPhone.ActiveCfg = Debug|Any CPU
		{EA365C42-D133-4CA8-8701-B72C3E42E2B9}.Debug|iPhone.Build.0 = Debug|Any CPU
		{EA365C42-D133-4CA8-8701-B72C3E42E2B9}.Debug|iPhoneSimulator.ActiveCfg = Debug|Any CPU
		{EA365C42-D133-4CA8-8701-B72C3E42E2B9}.Debug|iPhoneSimulator.Build.0 = Debug|Any CPU
		{EA365C42-D133-4CA8-8701-B72C3E42E2B9}.Release|Any CPU.ActiveCfg = Release|Any CPU
		{EA365C42-D133-4CA8-8701-B72C3E42E2B9}.Release|Any CPU.Build.0 = Release|Any CPU
		{EA365C42-D133-4CA8-8701-B72C3E42E2B9}.Release|iPhone.ActiveCfg = Release|Any CPU
		{EA365C42-D133-4CA8-8701-B72C3E42E2B9}.Release|iPhone.Build.0 = Release|Any CPU
		{EA365C42-D133-4CA8-8701-B72C3E42E2B9}.Release|iPhoneSimulator.ActiveCfg = Release|Any CPU
		{EA365C42-D133-4CA8-8701-B72C3E42E2B9}.Release|iPhoneSimulator.Build.0 = Release|Any CPU
		{1F07C2C1-5E3A-4B1C-8C22-3B889A660299}.Debug|Any CPU.ActiveCfg = Debug|Any CPU
		{1F07C2C1-5E3A-4B1C-8C22-3B889A660299}.Debug|Any CPU.Build.0 = Debug|Any CPU
		{1F07C2C1-5E3A-4B1C-8C22-3B889A660299}.Debug|iPhone.ActiveCfg = Debug|Any CPU
		{1F07C2C1-5E3A-4B1C-8C22-3B889A660299}.Debug|iPhone.Build.0 = Debug|Any CPU
		{1F07C2C1-5E3A-4B1C-8C22-3B889A660299}.Debug|iPhoneSimulator.ActiveCfg = Debug|Any CPU
		{1F07C2C1-5E3A-4B1C-8C22-3B889A660299}.Debug|iPhoneSimulator.Build.0 = Debug|Any CPU
		{1F07C2C1-5E3A-4B1C-8C22-3B889A660299}.Release|Any CPU.ActiveCfg = Release|Any CPU
		{1F07C2C1-5E3A-4B1C-8C22-3B889A660299}.Release|Any CPU.Build.0 = Release|Any CPU
		{1F07C2C1-5E3A-4B1C-8C22-3B889A660299}.Release|iPhone.ActiveCfg = Release|Any CPU
		{1F07C2C1-5E3A-4B1C-8C22-3B889A660299}.Release|iPhone.Build.0 = Release|Any CPU
		{1F07C2C1-5E3A-4B1C-8C22-3B889A660299}.Release|iPhoneSimulator.ActiveCfg = Release|Any CPU
		{1F07C2C1-5E3A-4B1C-8C22-3B889A660299}.Release|iPhoneSimulator.Build.0 = Release|Any CPU
		{78B37C0D-4E0A-4B68-A9DE-7120F5C97CE2}.Debug|Any CPU.ActiveCfg = Debug|Any CPU
		{78B37C0D-4E0A-4B68-A9DE-7120F5C97CE2}.Debug|Any CPU.Build.0 = Debug|Any CPU
		{78B37C0D-4E0A-4B68-A9DE-7120F5C97CE2}.Debug|iPhone.ActiveCfg = Debug|Any CPU
		{78B37C0D-4E0A-4B68-A9DE-7120F5C97CE2}.Debug|iPhone.Build.0 = Debug|Any CPU
		{78B37C0D-4E0A-4B68-A9DE-7120F5C97CE2}.Debug|iPhoneSimulator.ActiveCfg = Debug|Any CPU
		{78B37C0D-4E0A-4B68-A9DE-7120F5C97CE2}.Debug|iPhoneSimulator.Build.0 = Debug|Any CPU
		{78B37C0D-4E0A-4B68-A9DE-7120F5C97CE2}.Release|Any CPU.ActiveCfg = Release|Any CPU
		{78B37C0D-4E0A-4B68-A9DE-7120F5C97CE2}.Release|Any CPU.Build.0 = Release|Any CPU
		{78B37C0D-4E0A-4B68-A9DE-7120F5C97CE2}.Release|iPhone.ActiveCfg = Release|Any CPU
		{78B37C0D-4E0A-4B68-A9DE-7120F5C97CE2}.Release|iPhone.Build.0 = Release|Any CPU
		{78B37C0D-4E0A-4B68-A9DE-7120F5C97CE2}.Release|iPhoneSimulator.ActiveCfg = Release|Any CPU
		{78B37C0D-4E0A-4B68-A9DE-7120F5C97CE2}.Release|iPhoneSimulator.Build.0 = Release|Any CPU
	EndGlobalSection
	GlobalSection(SolutionProperties) = preSolution
		HideSolutionNode = FALSE
	EndGlobalSection
	GlobalSection(NestedProjects) = preSolution
		{36B601A4-543F-457D-80A0-D28EE4978B31} = {114A8E5B-1BC3-4419-89C0-CB9CCE16B13F}
		{E61CBD79-FEE6-4E1B-86E9-8BD4ED37408C} = {114A8E5B-1BC3-4419-89C0-CB9CCE16B13F}
		{CB47E0CF-6CB4-413B-95FD-02BEACB41C78} = {47C9A825-4F20-4080-B4E7-88EA30F7881C}
		{94C8AA89-CEF3-4BFE-9119-F0DEEF57284D} = {47C9A825-4F20-4080-B4E7-88EA30F7881C}
		{787122F6-5184-44DF-9A87-E2B43AB9C0CD} = {FECF79B7-57E1-47A7-9538-65E2FF9ED88C}
		{62513372-94C7-4F84-804C-3D4F9E5A88FB} = {47C9A825-4F20-4080-B4E7-88EA30F7881C}
		{0C85EC19-1BA6-4342-B577-7D1BDF33D322} = {8B0F08B9-1A59-403E-9538-4A9183CCE22E}
		{EA365C42-D133-4CA8-8701-B72C3E42E2B9} = {FECF79B7-57E1-47A7-9538-65E2FF9ED88C}
		{1F07C2C1-5E3A-4B1C-8C22-3B889A660299} = {C489E815-8022-4BA8-BB74-F5FA69F16537}
		{78B37C0D-4E0A-4B68-A9DE-7120F5C97CE2} = {8B0F08B9-1A59-403E-9538-4A9183CCE22E}
	EndGlobalSection
	GlobalSection(ExtensibilityGlobals) = postSolution
		SolutionGuid = {2208E830-DE95-4DB6-ACC1-2B27763C8545}
	EndGlobalSection
EndGlobal
